
Microsoft Visual Studio Solution File, Format Version 12.00
# Visual Studio Version 17
VisualStudioVersion = 17.1.32228.430
MinimumVisualStudioVersion = 10.0.40219.1
Project("{FAE04EC0-301F-11D3-BF4B-00C04F79EFBC}") = "MBaumann.IUT.TriBulle.Tests", "MBaumann.IUT.TriBulle.Tests\MBaumann.IUT.TriBulle.Tests.csproj", "{CF041F51-180E-4058-A1A6-EE74C9D9780A}"
EndProject
Project("{FAE04EC0-301F-11D3-BF4B-00C04F79EFBC}") = "MBaumann.IUT.TriBulle.App", "MBaumann.IUT.TriBulle.App\MBaumann.IUT.TriBulle.App.csproj", "{5126581F-0D3C-468A-889B-9BCCF0FD1E42}"
EndProject
Project("{FAE04EC0-301F-11D3-BF4B-00C04F79EFBC}") = "MBaumann.IUT.TriBulle.Algos", "MBaumann.IUT.TriBulle.Algos\MBaumann.IUT.TriBulle.Algos.csproj", "{E72D45A7-049C-49B0-B1D5-69AA9A027270}"
EndProject
Global
	GlobalSection(SolutionConfigurationPlatforms) = preSolution
		Debug|Any CPU = Debug|Any CPU
		Release|Any CPU = Release|Any CPU
	EndGlobalSection
	GlobalSection(ProjectConfigurationPlatforms) = postSolution
		{CF041F51-180E-4058-A1A6-EE74C9D9780A}.Debug|Any CPU.ActiveCfg = Debug|Any CPU
		{CF041F51-180E-4058-A1A6-EE74C9D9780A}.Debug|Any CPU.Build.0 = Debug|Any CPU
		{CF041F51-180E-4058-A1A6-EE74C9D9780A}.Release|Any CPU.ActiveCfg = Release|Any CPU
		{CF041F51-180E-4058-A1A6-EE74C9D9780A}.Release|Any CPU.Build.0 = Release|Any CPU
		{5126581F-0D3C-468A-889B-9BCCF0FD1E42}.Debug|Any CPU.ActiveCfg = Debug|Any CPU
		{5126581F-0D3C-468A-889B-9BCCF0FD1E42}.Debug|Any CPU.Build.0 = Debug|Any CPU
		{5126581F-0D3C-468A-889B-9BCCF0FD1E42}.Release|Any CPU.ActiveCfg = Release|Any CPU
		{5126581F-0D3C-468A-889B-9BCCF0FD1E42}.Release|Any CPU.Build.0 = Release|Any CPU
		{E72D45A7-049C-49B0-B1D5-69AA9A027270}.Debug|Any CPU.ActiveCfg = Debug|Any CPU
		{E72D45A7-049C-49B0-B1D5-69AA9A027270}.Debug|Any CPU.Build.0 = Debug|Any CPU
		{E72D45A7-049C-49B0-B1D5-69AA9A027270}.Release|Any CPU.ActiveCfg = Release|Any CPU
		{E72D45A7-049C-49B0-B1D5-69AA9A027270}.Release|Any CPU.Build.0 = Release|Any CPU
	EndGlobalSection
	GlobalSection(SolutionProperties) = preSolution
		HideSolutionNode = FALSE
	EndGlobalSection
	GlobalSection(ExtensibilityGlobals) = postSolution
		SolutionGuid = {E7406267-F6EB-4626-A4FE-F25075FA06F1}
	EndGlobalSection
EndGlobal
