
Microsoft Visual Studio Solution File, Format Version 12.00
# Visual Studio Version 17
VisualStudioVersion = 17.1.32228.430
MinimumVisualStudioVersion = 10.0.40219.1
Project("{FAE04EC0-301F-11D3-BF4B-00C04F79EFBC}") = "Iut.Demo.Web", "Iut.Demo.Web.csproj", "{C0D847F6-C2C7-4E09-A63F-D6A092D945B0}"
EndProject
Global
	GlobalSection(SolutionConfigurationPlatforms) = preSolution
		Debug|Any CPU = Debug|Any CPU
		Release|Any CPU = Release|Any CPU
	EndGlobalSection
	GlobalSection(ProjectConfigurationPlatforms) = postSolution
		{C0D847F6-C2C7-4E09-A63F-D6A092D945B0}.Debug|Any CPU.ActiveCfg = Debug|Any CPU
		{C0D847F6-C2C7-4E09-A63F-D6A092D945B0}.Debug|Any CPU.Build.0 = Debug|Any CPU
		{C0D847F6-C2C7-4E09-A63F-D6A092D945B0}.Release|Any CPU.ActiveCfg = Release|Any CPU
		{C0D847F6-C2C7-4E09-A63F-D6A092D945B0}.Release|Any CPU.Build.0 = Release|Any CPU
	EndGlobalSection
	GlobalSection(SolutionProperties) = preSolution
		HideSolutionNode = FALSE
	EndGlobalSection
	GlobalSection(ExtensibilityGlobals) = postSolution
		SolutionGuid = {F98355F9-A1A3-49F7-BE8E-DF31E5470B0A}
	EndGlobalSection
EndGlobal
